
Microsoft Visual Studio Solution File, Format Version 12.00
# Visual Studio 15
VisualStudioVersion = 15.0.28010.2046
MinimumVisualStudioVersion = 10.0.40219.1
Project("{FAE04EC0-301F-11D3-BF4B-00C04F79EFBC}") = "Emerson Excel Tool", "Emerson Excel Tool.csproj", "{CF30FF55-F03B-40B8-8800-480AB604EA51}"
EndProject
Global
	GlobalSection(SolutionConfigurationPlatforms) = preSolution
		Debug|Any CPU = Debug|Any CPU
		Release|Any CPU = Release|Any CPU
	EndGlobalSection
	GlobalSection(ProjectConfigurationPlatforms) = postSolution
		{CF30FF55-F03B-40B8-8800-480AB604EA51}.Debug|Any CPU.ActiveCfg = Debug|Any CPU
		{CF30FF55-F03B-40B8-8800-480AB604EA51}.Debug|Any CPU.Build.0 = Debug|Any CPU
		{CF30FF55-F03B-40B8-8800-480AB604EA51}.Release|Any CPU.ActiveCfg = Release|Any CPU
		{CF30FF55-F03B-40B8-8800-480AB604EA51}.Release|Any CPU.Build.0 = Release|Any CPU
	EndGlobalSection
	GlobalSection(SolutionProperties) = preSolution
		HideSolutionNode = FALSE
	EndGlobalSection
	GlobalSection(ExtensibilityGlobals) = postSolution
		SolutionGuid = {3BF5B4CD-2016-4BF8-AC7C-0EDB3F78CC26}
	EndGlobalSection
EndGlobal
